
Microsoft Visual Studio Solution File, Format Version 12.00
# Visual Studio 2013
VisualStudioVersion = 12.0.31101.0
MinimumVisualStudioVersion = 10.0.40219.1
Project("{F2A71F9B-5D33-465A-A702-920D77279786}") = "Aleph.Domain", "Aleph.Domain\Aleph.Domain.fsproj", "{999C9B78-A71C-47E8-8DC0-933712AD103D}"
EndProject
Project("{F2A71F9B-5D33-465A-A702-920D77279786}") = "Aleph.Data", "Aleph.Data\Aleph.Data.fsproj", "{ECEABEDC-485C-46B1-868E-568460C31F03}"
EndProject
Global
	GlobalSection(SolutionConfigurationPlatforms) = preSolution
		Debug|Any CPU = Debug|Any CPU
		Release|Any CPU = Release|Any CPU
	EndGlobalSection
	GlobalSection(ProjectConfigurationPlatforms) = postSolution
		{999C9B78-A71C-47E8-8DC0-933712AD103D}.Debug|Any CPU.ActiveCfg = Debug|Any CPU
		{999C9B78-A71C-47E8-8DC0-933712AD103D}.Debug|Any CPU.Build.0 = Debug|Any CPU
		{999C9B78-A71C-47E8-8DC0-933712AD103D}.Release|Any CPU.ActiveCfg = Release|Any CPU
		{999C9B78-A71C-47E8-8DC0-933712AD103D}.Release|Any CPU.Build.0 = Release|Any CPU
		{ECEABEDC-485C-46B1-868E-568460C31F03}.Debug|Any CPU.ActiveCfg = Debug|Any CPU
		{ECEABEDC-485C-46B1-868E-568460C31F03}.Debug|Any CPU.Build.0 = Debug|Any CPU
		{ECEABEDC-485C-46B1-868E-568460C31F03}.Release|Any CPU.ActiveCfg = Release|Any CPU
		{ECEABEDC-485C-46B1-868E-568460C31F03}.Release|Any CPU.Build.0 = Release|Any CPU
	EndGlobalSection
	GlobalSection(SolutionProperties) = preSolution
		HideSolutionNode = FALSE
	EndGlobalSection
EndGlobal
